
Microsoft Visual Studio Solution File, Format Version 12.00
# Visual Studio Version 17
VisualStudioVersion = 17.4.33213.308
MinimumVisualStudioVersion = 10.0.40219.1
Project("{FAE04EC0-301F-11D3-BF4B-00C04F79EFBC}") = "HttpMethod_Server", "HttpMethod_Server\HttpMethod_Server.csproj", "{3D87935D-CB50-499C-A5F1-0D0564C1A139}"
EndProject
Project("{FAE04EC0-301F-11D3-BF4B-00C04F79EFBC}") = "HttpMethod_Client", "HttpMethod_Client\HttpMethod_Client.csproj", "{50970BB7-C3B7-445A-AFA8-97C9679FCA06}"
EndProject
Global
	GlobalSection(SolutionConfigurationPlatforms) = preSolution
		Debug|Any CPU = Debug|Any CPU
		Release|Any CPU = Release|Any CPU
	EndGlobalSection
	GlobalSection(ProjectConfigurationPlatforms) = postSolution
		{3D87935D-CB50-499C-A5F1-0D0564C1A139}.Debug|Any CPU.ActiveCfg = Debug|Any CPU
		{3D87935D-CB50-499C-A5F1-0D0564C1A139}.Debug|Any CPU.Build.0 = Debug|Any CPU
		{3D87935D-CB50-499C-A5F1-0D0564C1A139}.Release|Any CPU.ActiveCfg = Release|Any CPU
		{3D87935D-CB50-499C-A5F1-0D0564C1A139}.Release|Any CPU.Build.0 = Release|Any CPU
		{50970BB7-C3B7-445A-AFA8-97C9679FCA06}.Debug|Any CPU.ActiveCfg = Debug|Any CPU
		{50970BB7-C3B7-445A-AFA8-97C9679FCA06}.Debug|Any CPU.Build.0 = Debug|Any CPU
		{50970BB7-C3B7-445A-AFA8-97C9679FCA06}.Release|Any CPU.ActiveCfg = Release|Any CPU
		{50970BB7-C3B7-445A-AFA8-97C9679FCA06}.Release|Any CPU.Build.0 = Release|Any CPU
	EndGlobalSection
	GlobalSection(SolutionProperties) = preSolution
		HideSolutionNode = FALSE
	EndGlobalSection
	GlobalSection(ExtensibilityGlobals) = postSolution
		SolutionGuid = {CB5D6361-58D3-4317-B006-5EC9F2A8C3C2}
	EndGlobalSection
EndGlobal
