
Microsoft Visual Studio Solution File, Format Version 12.00
# Visual Studio Version 17
VisualStudioVersion = 17.1.32210.238
MinimumVisualStudioVersion = 10.0.40219.1
Project("{9A19103F-16F7-4668-BE54-9A1E7A4F7556}") = "QuizApp", "QuizApp\QuizApp.csproj", "{507C293F-DD78-4E55-8BA1-C56F5022AAC1}"
EndProject
Project("{FAE04EC0-301F-11D3-BF4B-00C04F79EFBC}") = "QuizApp_Admin", "QuizApp_Admin\QuizApp_Admin.csproj", "{73C5DD5F-A0D9-471D-8061-4E4AEB357818}"
EndProject
Global
	GlobalSection(SolutionConfigurationPlatforms) = preSolution
		Debug|Any CPU = Debug|Any CPU
		Release|Any CPU = Release|Any CPU
	EndGlobalSection
	GlobalSection(ProjectConfigurationPlatforms) = postSolution
		{507C293F-DD78-4E55-8BA1-C56F5022AAC1}.Debug|Any CPU.ActiveCfg = Debug|Any CPU
		{507C293F-DD78-4E55-8BA1-C56F5022AAC1}.Debug|Any CPU.Build.0 = Debug|Any CPU
		{507C293F-DD78-4E55-8BA1-C56F5022AAC1}.Release|Any CPU.ActiveCfg = Release|Any CPU
		{507C293F-DD78-4E55-8BA1-C56F5022AAC1}.Release|Any CPU.Build.0 = Release|Any CPU
		{73C5DD5F-A0D9-471D-8061-4E4AEB357818}.Debug|Any CPU.ActiveCfg = Debug|Any CPU
		{73C5DD5F-A0D9-471D-8061-4E4AEB357818}.Debug|Any CPU.Build.0 = Debug|Any CPU
		{73C5DD5F-A0D9-471D-8061-4E4AEB357818}.Release|Any CPU.ActiveCfg = Release|Any CPU
		{73C5DD5F-A0D9-471D-8061-4E4AEB357818}.Release|Any CPU.Build.0 = Release|Any CPU
	EndGlobalSection
	GlobalSection(SolutionProperties) = preSolution
		HideSolutionNode = FALSE
	EndGlobalSection
	GlobalSection(ExtensibilityGlobals) = postSolution
		SolutionGuid = {0C17B9AD-128B-4C53-9F40-547A6C96D8F9}
	EndGlobalSection
EndGlobal
