
Microsoft Visual Studio Solution File, Format Version 12.00
# Visual Studio Version 17
VisualStudioVersion = 17.1.32210.238
MinimumVisualStudioVersion = 10.0.40219.1
Project("{FAE04EC0-301F-11D3-BF4B-00C04F79EFBC}") = "Farid3", "Farid3\Farid3.csproj", "{232BD151-213C-424C-BB43-5C37C5611EFB}"
EndProject
Global
	GlobalSection(SolutionConfigurationPlatforms) = preSolution
		Debug|Any CPU = Debug|Any CPU
		Release|Any CPU = Release|Any CPU
	EndGlobalSection
	GlobalSection(ProjectConfigurationPlatforms) = postSolution
		{232BD151-213C-424C-BB43-5C37C5611EFB}.Debug|Any CPU.ActiveCfg = Debug|Any CPU
		{232BD151-213C-424C-BB43-5C37C5611EFB}.Debug|Any CPU.Build.0 = Debug|Any CPU
		{232BD151-213C-424C-BB43-5C37C5611EFB}.Release|Any CPU.ActiveCfg = Release|Any CPU
		{232BD151-213C-424C-BB43-5C37C5611EFB}.Release|Any CPU.Build.0 = Release|Any CPU
	EndGlobalSection
	GlobalSection(SolutionProperties) = preSolution
		HideSolutionNode = FALSE
	EndGlobalSection
	GlobalSection(ExtensibilityGlobals) = postSolution
		SolutionGuid = {5EFDD090-B22C-4A18-8683-F699697E862F}
	EndGlobalSection
EndGlobal
