
Microsoft Visual Studio Solution File, Format Version 12.00
# Visual Studio Version 17
VisualStudioVersion = 17.1.32210.238
MinimumVisualStudioVersion = 10.0.40219.1
Project("{FAE04EC0-301F-11D3-BF4B-00C04F79EFBC}") = "CalculatorWPF", "CalculatorWPF\CalculatorWPF.csproj", "{B63CBE29-F10C-49A2-9450-269203FFB6FF}"
EndProject
Global
	GlobalSection(SolutionConfigurationPlatforms) = preSolution
		Debug|Any CPU = Debug|Any CPU
		Release|Any CPU = Release|Any CPU
	EndGlobalSection
	GlobalSection(ProjectConfigurationPlatforms) = postSolution
		{B63CBE29-F10C-49A2-9450-269203FFB6FF}.Debug|Any CPU.ActiveCfg = Debug|Any CPU
		{B63CBE29-F10C-49A2-9450-269203FFB6FF}.Debug|Any CPU.Build.0 = Debug|Any CPU
		{B63CBE29-F10C-49A2-9450-269203FFB6FF}.Release|Any CPU.ActiveCfg = Release|Any CPU
		{B63CBE29-F10C-49A2-9450-269203FFB6FF}.Release|Any CPU.Build.0 = Release|Any CPU
	EndGlobalSection
	GlobalSection(SolutionProperties) = preSolution
		HideSolutionNode = FALSE
	EndGlobalSection
	GlobalSection(ExtensibilityGlobals) = postSolution
		SolutionGuid = {0EA11D18-D5B5-440A-8DDB-0979530E310B}
	EndGlobalSection
EndGlobal
