
Microsoft Visual Studio Solution File, Format Version 12.00
# Visual Studio Version 17
VisualStudioVersion = 17.3.32929.385
MinimumVisualStudioVersion = 10.0.40219.1
Project("{FAE04EC0-301F-11D3-BF4B-00C04F79EFBC}") = "Builder_with_Director", "Builder_with_Director\Builder_with_Director.csproj", "{EE35E3AA-2537-415D-AB6E-417F44175B4A}"
EndProject
Global
	GlobalSection(SolutionConfigurationPlatforms) = preSolution
		Debug|Any CPU = Debug|Any CPU
		Release|Any CPU = Release|Any CPU
	EndGlobalSection
	GlobalSection(ProjectConfigurationPlatforms) = postSolution
		{EE35E3AA-2537-415D-AB6E-417F44175B4A}.Debug|Any CPU.ActiveCfg = Debug|Any CPU
		{EE35E3AA-2537-415D-AB6E-417F44175B4A}.Debug|Any CPU.Build.0 = Debug|Any CPU
		{EE35E3AA-2537-415D-AB6E-417F44175B4A}.Release|Any CPU.ActiveCfg = Release|Any CPU
		{EE35E3AA-2537-415D-AB6E-417F44175B4A}.Release|Any CPU.Build.0 = Release|Any CPU
	EndGlobalSection
	GlobalSection(SolutionProperties) = preSolution
		HideSolutionNode = FALSE
	EndGlobalSection
	GlobalSection(ExtensibilityGlobals) = postSolution
		SolutionGuid = {17ECDAD5-FAB8-4F73-AB84-75FB04C59571}
	EndGlobalSection
EndGlobal
